
Microsoft Visual Studio Solution File, Format Version 12.00
# Visual Studio Version 17
VisualStudioVersion = 17.3.32929.385
MinimumVisualStudioVersion = 10.0.40219.1
Project("{8BC9CEB8-8B4A-11D0-8D11-00A0C91BC942}") = "Hazel", "Hazel\Hazel.vcxproj", "{F9EF15C9-267E-4CDD-BFA9-B811E97A1CD5}"
EndProject
Project("{8BC9CEB8-8B4A-11D0-8D11-00A0C91BC942}") = "Sandbox", "Sandbox\Sandbox.vcxproj", "{BD2156DA-A031-42EA-8816-49A6C957BE90}"
EndProject
Global
	GlobalSection(SolutionConfigurationPlatforms) = preSolution
		Debug|x64 = Debug|x64
		Debug|x86 = Debug|x86
		Release|x64 = Release|x64
		Release|x86 = Release|x86
	EndGlobalSection
	GlobalSection(ProjectConfigurationPlatforms) = postSolution
		{F9EF15C9-267E-4CDD-BFA9-B811E97A1CD5}.Debug|x64.ActiveCfg = Debug|x64
		{F9EF15C9-267E-4CDD-BFA9-B811E97A1CD5}.Debug|x64.Build.0 = Debug|x64
		{F9EF15C9-267E-4CDD-BFA9-B811E97A1CD5}.Debug|x86.ActiveCfg = Debug|Win32
		{F9EF15C9-267E-4CDD-BFA9-B811E97A1CD5}.Debug|x86.Build.0 = Debug|Win32
		{F9EF15C9-267E-4CDD-BFA9-B811E97A1CD5}.Release|x64.ActiveCfg = Release|x64
		{F9EF15C9-267E-4CDD-BFA9-B811E97A1CD5}.Release|x64.Build.0 = Release|x64
		{F9EF15C9-267E-4CDD-BFA9-B811E97A1CD5}.Release|x86.ActiveCfg = Release|Win32
		{F9EF15C9-267E-4CDD-BFA9-B811E97A1CD5}.Release|x86.Build.0 = Release|Win32
		{BD2156DA-A031-42EA-8816-49A6C957BE90}.Debug|x64.ActiveCfg = Debug|x64
		{BD2156DA-A031-42EA-8816-49A6C957BE90}.Debug|x64.Build.0 = Debug|x64
		{BD2156DA-A031-42EA-8816-49A6C957BE90}.Debug|x86.ActiveCfg = Debug|Win32
		{BD2156DA-A031-42EA-8816-49A6C957BE90}.Debug|x86.Build.0 = Debug|Win32
		{BD2156DA-A031-42EA-8816-49A6C957BE90}.Release|x64.ActiveCfg = Release|x64
		{BD2156DA-A031-42EA-8816-49A6C957BE90}.Release|x64.Build.0 = Release|x64
		{BD2156DA-A031-42EA-8816-49A6C957BE90}.Release|x86.ActiveCfg = Release|Win32
		{BD2156DA-A031-42EA-8816-49A6C957BE90}.Release|x86.Build.0 = Release|Win32
	EndGlobalSection
	GlobalSection(SolutionProperties) = preSolution
		HideSolutionNode = FALSE
	EndGlobalSection
	GlobalSection(ExtensibilityGlobals) = postSolution
		SolutionGuid = {B5CC5A66-7243-4408-81EF-B4ECA7C20613}
	EndGlobalSection
EndGlobal
